<?xml version="1.0" encoding="UTF-8"?>
<Scheme
   LastUpgradeVersion = "0500"
   version = "1.7">
   <BuildAction
      parallelizeBuildables = "YES"
      buildImplicitDependencies = "YES">
      <BuildActionEntries>
         <BuildActionEntry
            buildForTesting = "YES"
            buildForRunning = "YES"
            buildForProfiling = "YES"
            buildForArchiving = "YES"
            buildForAnalyzing = "YES">
            <BuildableReference
               BuildableIdentifier = "primary"
               BlueprintIdentifier = "528EA7591763BF43008713E0"
               BuildableName = "msgpack.so"
               BlueprintName = "PHP Module"
               ReferencedContainer = "container:msgpack.xcodeproj">
            </BuildableReference>
         </BuildActionEntry>
      </BuildActionEntries>
   </BuildAction>
   <TestAction
      selectedDebuggerIdentifier = "Xcode.DebuggerFoundation.Debugger.LLDB"
      selectedLauncherIdentifier = "Xcode.DebuggerFoundation.Launcher.LLDB"
      shouldUseLaunchSchemeArgsEnv = "YES"
      buildConfiguration = "Debug">
      <Testables>
      </Testables>
   </TestAction>
   <LaunchAction
      selectedDebuggerIdentifier = "Xcode.DebuggerFoundation.Debugger.LLDB"
      selectedLauncherIdentifier = "Xcode.DebuggerFoundation.Launcher.LLDB"
      launchStyle = "0"
      useCustomWorkingDirectory = "NO"
      buildConfiguration = "Debug"
      ignoresPersistentStateOnLaunch = "NO"
      debugDocumentVersioning = "YES"
      allowLocationSimulation = "YES">
      <PathRunnable
         FilePath = "/opt/local/bin/php54">
      </PathRunnable>
      <MacroExpansion>
         <BuildableReference
            BuildableIdentifier = "primary"
            BlueprintIdentifier = "528EA7591763BF43008713E0"
            BuildableName = "msgpack.so"
            BlueprintName = "PHP Module"
            ReferencedContainer = "container:msgpack.xcodeproj">
         </BuildableReference>
      </MacroExpansion>
      <CommandLineArguments>
         <CommandLineArgument
            argument = "-d zend_extension=$(SRCROOT)/modules-xcode/flwcore.so"
            isEnabled = "YES">
         </CommandLineArgument>
         <CommandLineArgument
            argument = "-d extension=curl.so"
            isEnabled = "YES">
         </CommandLineArgument>
         <CommandLineArgument
            argument = "-d zend_extension=/opt/local/lib/php54/extensions/no-debug-non-zts-20100525/xdebug.so"
            isEnabled = "YES">
         </CommandLineArgument>
         <CommandLineArgument
            argument = "-d extension=spl_types.so"
            isEnabled = "YES">
         </CommandLineArgument>
         <CommandLineArgument
            argument = "-d extension=runkit.so"
            isEnabled = "YES">
         </CommandLineArgument>
         <CommandLineArgument
            argument = "-d runkit.internal_override=1"
            isEnabled = "YES">
         </CommandLineArgument>
         <CommandLineArgument
            argument = "-d extension=vld.so"
            isEnabled = "NO">
         </CommandLineArgument>
         <CommandLineArgument
            argument = "-d vld.active=1"
            isEnabled = "NO">
         </CommandLineArgument>
         <CommandLineArgument
            argument = "-n"
            isEnabled = "YES">
         </CommandLineArgument>
         <CommandLineArgument
            argument = "-e"
            isEnabled = "YES">
         </CommandLineArgument>
         <CommandLineArgument
            argument = "-d flwcore.basedir=$HOME/Dev/FLW/Labs/php-core-classes"
            isEnabled = "YES">
         </CommandLineArgument>
         <CommandLineArgument
            argument = "-d flwcore.fi.max_depth=4"
            isEnabled = "YES">
         </CommandLineArgument>
         <CommandLineArgument
            argument = "-d flwcore.fi.log_file=/Users/mholtz/Desktop/fi.log"
            isEnabled = "YES">
         </CommandLineArgument>
         <CommandLineArgument
            argument = "-d auto_prepend_file=$SRCROOT/../bootstrap.php"
            isEnabled = "YES">
         </CommandLineArgument>
         <CommandLineArgument
            argument = "-d xdebug.default_enable=1"
            isEnabled = "YES">
         </CommandLineArgument>
         <CommandLineArgument
            argument = "-d xdebug.extended_info=1"
            isEnabled = "YES">
         </CommandLineArgument>
         <CommandLineArgument
            argument = "$(SRCROOT)/scid.init.traits.php"
            isEnabled = "NO">
         </CommandLineArgument>
         <CommandLineArgument
            argument = "$(SRCROOT)/test.spinhook.php"
            isEnabled = "NO">
         </CommandLineArgument>
         <CommandLineArgument
            argument = "$(SRCROOT)/test.urlconst.2.php"
            isEnabled = "NO">
         </CommandLineArgument>
         <CommandLineArgument
            argument = "$(SRCROOT)/test.fi.php"
            isEnabled = "NO">
         </CommandLineArgument>
         <CommandLineArgument
            argument = "--re flwcore"
            isEnabled = "YES">
         </CommandLineArgument>
      </CommandLineArguments>
      <AdditionalOptions>
         <AdditionalOption
            key = "MallocStackLogging"
            value = ""
            isEnabled = "YES">
         </AdditionalOption>
         <AdditionalOption
            key = "OBJC_PRINT_EXCEPTIONS"
            value = "YES"
            isEnabled = "YES">
         </AdditionalOption>
         <AdditionalOption
            key = "DYLD_PRINT_LIBRARIES"
            value = ""
            isEnabled = "YES">
         </AdditionalOption>
         <AdditionalOption
            key = "USERBREAK"
            value = "1"
            isEnabled = "YES">
         </AdditionalOption>
         <AdditionalOption
            key = "NSDOLoggingEnabled"
            value = "YES"
            isEnabled = "YES">
         </AdditionalOption>
         <AdditionalOption
            key = "MallocScribble"
            value = ""
            isEnabled = "YES">
         </AdditionalOption>
      </AdditionalOptions>
      <LocationScenarioReference
         identifier = "San Francisco, CA, USA"
         referenceType = "1">
      </LocationScenarioReference>
   </LaunchAction>
   <ProfileAction
      shouldUseLaunchSchemeArgsEnv = "YES"
      savedToolIdentifier = ""
      useCustomWorkingDirectory = "NO"
      buildConfiguration = "Release"
      debugDocumentVersioning = "YES">
   </ProfileAction>
   <AnalyzeAction
      buildConfiguration = "Debug">
   </AnalyzeAction>
   <ArchiveAction
      buildConfiguration = "Release"
      revealArchiveInOrganizer = "YES">
   </ArchiveAction>
</Scheme>
